// !$*UTF8*$!
{
	archiveVersion = 1;
	classes = {
	};
	objectVersion = 50;
	objects = {

/* Begin PBXBuildFile section */
		D5C81CDF25C00BAA0031DC66 /* HelloCIApp.swift in Sources */ = {isa = PBXBuildFile; fileRef = D5C81CDE25C00BAA0031DC66 /* HelloCIApp.swift */; };
		D5C81CE125C00BAA0031DC66 /* ContentView.swift in Sources */ = {isa = PBXBuildFile; fileRef = D5C81CE025C00BAA0031DC66 /* ContentView.swift */; };
		D5C81CE325C00BAB0031DC66 /* Assets.xcassets in Resources */ = {isa = PBXBuildFile; fileRef = D5C81CE225C00BAB0031DC66 /* Assets.xcassets */; };
		D5C81CE625C00BAB0031DC66 /* Preview Assets.xcassets in Resources */ = {isa = PBXBuildFile; fileRef = D5C81CE525C00BAB0031DC66 /* Preview Assets.xcassets */; };
		D5C81CF125C00BAB0031DC66 /* HelloCITests.swift in Sources */ = {isa = PBXBuildFile; fileRef = D5C81CF025C00BAB0031DC66 /* HelloCITests.swift */; };
		D5C81CFC25C00BAB0031DC66 /* HelloCIUITests.swift in Sources */ = {isa = PBXBuildFile; fileRef = D5C81CFB25C00BAB0031DC66 /* HelloCIUITests.swift */; };
/* End PBXBuildFile section */

/* Begin PBXContainerItemProxy section */
		D5C81CED25C00BAB0031DC66 /* PBXContainerItemProxy */ = {
			isa = PBXContainerItemProxy;
			containerPortal = D5C81CD325C00BAA0031DC66 /* Project object */;
			proxyType = 1;
			remoteGlobalIDString = D5C81CDA25C00BAA0031DC66;
			remoteInfo = HelloCI;
		};
		D5C81CF825C00BAB0031DC66 /* PBXContainerItemProxy */ = {
			isa = PBXContainerItemProxy;
			containerPortal = D5C81CD325C00BAA0031DC66 /* Project object */;
			proxyType = 1;
			remoteGlobalIDString = D5C81CDA25C00BAA0031DC66;
			remoteInfo = HelloCI;
		};
/* End PBXContainerItemProxy section */

/* Begin PBXFileReference section */
		D5C81CDB25C00BAA0031DC66 /* HelloCI.app */ = {isa = PBXFileReference; explicitFileType = wrapper.application; includeInIndex = 0; path = HelloCI.app; sourceTree = BUILT_PRODUCTS_DIR; };
		D5C81CDE25C00BAA0031DC66 /* HelloCIApp.swift */ = {isa = PBXFileReference; lastKnownFileType = sourcecode.swift; path = HelloCIApp.swift; sourceTree = "<group>"; };
		D5C81CE025C00BAA0031DC66 /* ContentView.swift */ = {isa = PBXFileReference; lastKnownFileType = sourcecode.swift; path = ContentView.swift; sourceTree = "<group>"; };
		D5C81CE225C00BAB0031DC66 /* Assets.xcassets */ = {isa = PBXFileReference; lastKnownFileType = folder.assetcatalog; path = Assets.xcassets; sourceTree = "<group>"; };
		D5C81CE525C00BAB0031DC66 /* Preview Assets.xcassets */ = {isa = PBXFileReference; lastKnownFileType = folder.assetcatalog; path = "Preview Assets.xcassets"; sourceTree = "<group>"; };
		D5C81CE725C00BAB0031DC66 /* Info.plist */ = {isa = PBXFileReference; lastKnownFileType = text.plist.xml; path = Info.plist; sourceTree = "<group>"; };
		D5C81CEC25C00BAB0031DC66 /* HelloCITests.xctest */ = {isa = PBXFileReference; explicitFileType = wrapper.cfbundle; includeInIndex = 0; path = HelloCITests.xctest; sourceTree = BUILT_PRODUCTS_DIR; };
		D5C81CF025C00BAB0031DC66 /* HelloCITests.swift */ = {isa = PBXFileReference; lastKnownFileType = sourcecode.swift; path = HelloCITests.swift; sourceTree = "<group>"; };
		D5C81CF225C00BAB0031DC66 /* Info.plist */ = {isa = PBXFileReference; lastKnownFileType = text.plist.xml; path = Info.plist; sourceTree = "<group>"; };
		D5C81CF725C00BAB0031DC66 /* HelloCIUITests.xctest */ = {isa = PBXFileReference; explicitFileType = wrapper.cfbundle; includeInIndex = 0; path = HelloCIUITests.xctest; sourceTree = BUILT_PRODUCTS_DIR; };
		D5C81CFB25C00BAB0031DC66 /* HelloCIUITests.swift */ = {isa = PBXFileReference; lastKnownFileType = sourcecode.swift; path = HelloCIUITests.swift; sourceTree = "<group>"; };
		D5C81CFD25C00BAB0031DC66 /* Info.plist */ = {isa = PBXFileReference; lastKnownFileType = text.plist.xml; path = Info.plist; sourceTree = "<group>"; };
/* End PBXFileReference section */

/* Begin PBXFrameworksBuildPhase section */
		D5C81CD825C00BAA0031DC66 /* Frameworks */ = {
			isa = PBXFrameworksBuildPhase;
			buildActionMask = 2147483647;
			files = (
			);
			runOnlyForDeploymentPostprocessing = 0;
		};
		D5C81CE925C00BAB0031DC66 /* Frameworks */ = {
			isa = PBXFrameworksBuildPhase;
			buildActionMask = 2147483647;
			files = (
			);
			runOnlyForDeploymentPostprocessing = 0;
		};
		D5C81CF425C00BAB0031DC66 /* Frameworks */ = {
			isa = PBXFrameworksBuildPhase;
			buildActionMask = 2147483647;
			files = (
			);
			runOnlyForDeploymentPostprocessing = 0;
		};
/* End PBXFrameworksBuildPhase section */

/* Begin PBXGroup section */
		D5C81CD225C00BAA0031DC66 = {
			isa = PBXGroup;
			children = (
				D5C81CDD25C00BAA0031DC66 /* HelloCI */,
				D5C81CEF25C00BAB0031DC66 /* HelloCITests */,
				D5C81CFA25C00BAB0031DC66 /* HelloCIUITests */,
				D5C81CDC25C00BAA0031DC66 /* Products */,
			);
			sourceTree = "<group>";
		};
		D5C81CDC25C00BAA0031DC66 /* Products */ = {
			isa = PBXGroup;
			children = (
				D5C81CDB25C00BAA0031DC66 /* HelloCI.app */,
				D5C81CEC25C00BAB0031DC66 /* HelloCITests.xctest */,
				D5C81CF725C00BAB0031DC66 /* HelloCIUITests.xctest */,
			);
			name = Products;
			sourceTree = "<group>";
		};
		D5C81CDD25C00BAA0031DC66 /* HelloCI */ = {
			isa = PBXGroup;
			children = (
				D5C81CDE25C00BAA0031DC66 /* HelloCIApp.swift */,
				D5C81CE025C00BAA0031DC66 /* ContentView.swift */,
				D5C81CE225C00BAB0031DC66 /* Assets.xcassets */,
				D5C81CE725C00BAB0031DC66 /* Info.plist */,
				D5C81CE425C00BAB0031DC66 /* Preview Content */,
			);
			path = HelloCI;
			sourceTree = "<group>";
		};
		D5C81CE425C00BAB0031DC66 /* Preview Content */ = {
			isa = PBXGroup;
			children = (
				D5C81CE525C00BAB0031DC66 /* Preview Assets.xcassets */,
			);
			path = "Preview Content";
			sourceTree = "<group>";
		};
		D5C81CEF25C00BAB0031DC66 /* HelloCITests */ = {
			isa = PBXGroup;
			children = (
				D5C81CF025C00BAB0031DC66 /* HelloCITests.swift */,
				D5C81CF225C00BAB0031DC66 /* Info.plist */,
			);
			path = HelloCITests;
			sourceTree = "<group>";
		};
		D5C81CFA25C00BAB0031DC66 /* HelloCIUITests */ = {
			isa = PBXGroup;
			children = (
				D5C81CFB25C00BAB0031DC66 /* HelloCIUITests.swift */,
				D5C81CFD25C00BAB0031DC66 /* Info.plist */,
			);
			path = HelloCIUITests;
			sourceTree = "<group>";
		};
/* End PBXGroup section */

/* Begin PBXNativeTarget section */
		D5C81CDA25C00BAA0031DC66 /* HelloCI */ = {
			isa = PBXNativeTarget;
			buildConfigurationList = D5C81D0025C00BAB0031DC66 /* Build configuration list for PBXNativeTarget "HelloCI" */;
			buildPhases = (
				D5C81CD725C00BAA0031DC66 /* Sources */,
				D5C81CD825C00BAA0031DC66 /* Frameworks */,
				D5C81CD925C00BAA0031DC66 /* Resources */,
			);
			buildRules = (
			);
			dependencies = (
			);
			name = HelloCI;
			productName = HelloCI;
			productReference = D5C81CDB25C00BAA0031DC66 /* HelloCI.app */;
			productType = "com.apple.product-type.application";
		};
		D5C81CEB25C00BAB0031DC66 /* HelloCITests */ = {
			isa = PBXNativeTarget;
			buildConfigurationList = D5C81D0325C00BAB0031DC66 /* Build configuration list for PBXNativeTarget "HelloCITests" */;
			buildPhases = (
				D5C81CE825C00BAB0031DC66 /* Sources */,
				D5C81CE925C00BAB0031DC66 /* Frameworks */,
				D5C81CEA25C00BAB0031DC66 /* Resources */,
			);
			buildRules = (
			);
			dependencies = (
				D5C81CEE25C00BAB0031DC66 /* PBXTargetDependency */,
			);
			name = HelloCITests;
			productName = HelloCITests;
			productReference = D5C81CEC25C00BAB0031DC66 /* HelloCITests.xctest */;
			productType = "com.apple.product-type.bundle.unit-test";
		};
		D5C81CF625C00BAB0031DC66 /* HelloCIUITests */ = {
			isa = PBXNativeTarget;
			buildConfigurationList = D5C81D0625C00BAB0031DC66 /* Build configuration list for PBXNativeTarget "HelloCIUITests" */;
			buildPhases = (
				D5C81CF325C00BAB0031DC66 /* Sources */,
				D5C81CF425C00BAB0031DC66 /* Frameworks */,
				D5C81CF525C00BAB0031DC66 /* Resources */,
			);
			buildRules = (
			);
			dependencies = (
				D5C81CF925C00BAB0031DC66 /* PBXTargetDependency */,
			);
			name = HelloCIUITests;
			productName = HelloCIUITests;
			productReference = D5C81CF725C00BAB0031DC66 /* HelloCIUITests.xctest */;
			productType = "com.apple.product-type.bundle.ui-testing";
		};
/* End PBXNativeTarget section */

/* Begin PBXProject section */
		D5C81CD325C00BAA0031DC66 /* Project object */ = {
			isa = PBXProject;
			attributes = {
				LastSwiftUpdateCheck = 1230;
				LastUpgradeCheck = 1230;
				TargetAttributes = {
					D5C81CDA25C00BAA0031DC66 = {
						CreatedOnToolsVersion = 12.3;
					};
					D5C81CEB25C00BAB0031DC66 = {
						CreatedOnToolsVersion = 12.3;
						TestTargetID = D5C81CDA25C00BAA0031DC66;
					};
					D5C81CF625C00BAB0031DC66 = {
						CreatedOnToolsVersion = 12.3;
						TestTargetID = D5C81CDA25C00BAA0031DC66;
					};
				};
			};
			buildConfigurationList = D5C81CD625C00BAA0031DC66 /* Build configuration list for PBXProject "HelloCI" */;
			compatibilityVersion = "Xcode 9.3";
			developmentRegion = en;
			hasScannedForEncodings = 0;
			knownRegions = (
				en,
				Base,
			);
			mainGroup = D5C81CD225C00BAA0031DC66;
			productRefGroup = D5C81CDC25C00BAA0031DC66 /* Products */;
			projectDirPath = "";
			projectRoot = "";
			targets = (
				D5C81CDA25C00BAA0031DC66 /* HelloCI */,
				D5C81CEB25C00BAB0031DC66 /* HelloCITests */,
				D5C81CF625C00BAB0031DC66 /* HelloCIUITests */,
			);
		};
/* End PBXProject section */

/* Begin PBXResourcesBuildPhase section */
		D5C81CD925C00BAA0031DC66 /* Resources */ = {
			isa = PBXResourcesBuildPhase;
			buildActionMask = 2147483647;
			files = (
				D5C81CE625C00BAB0031DC66 /* Preview Assets.xcassets in Resources */,
				D5C81CE325C00BAB0031DC66 /* Assets.xcassets in Resources */,
			);
			runOnlyForDeploymentPostprocessing = 0;
		};
		D5C81CEA25C00BAB0031DC66 /* Resources */ = {
			isa = PBXResourcesBuildPhase;
			buildActionMask = 2147483647;
			files = (
			);
			runOnlyForDeploymentPostprocessing = 0;
		};
		D5C81CF525C00BAB0031DC66 /* Resources */ = {
			isa = PBXResourcesBuildPhase;
			buildActionMask = 2147483647;
			files = (
			);
			runOnlyForDeploymentPostprocessing = 0;
		};
/* End PBXResourcesBuildPhase section */

/* Begin PBXSourcesBuildPhase section */
		D5C81CD725C00BAA0031DC66 /* Sources */ = {
			isa = PBXSourcesBuildPhase;
			buildActionMask = 2147483647;
			files = (
				D5C81CE125C00BAA0031DC66 /* ContentView.swift in Sources */,
				D5C81CDF25C00BAA0031DC66 /* HelloCIApp.swift in Sources */,
			);
			runOnlyForDeploymentPostprocessing = 0;
		};
		D5C81CE825C00BAB0031DC66 /* Sources */ = {
			isa = PBXSourcesBuildPhase;
			buildActionMask = 2147483647;
			files = (
				D5C81CF125C00BAB0031DC66 /* HelloCITests.swift in Sources */,
			);
			runOnlyForDeploymentPostprocessing = 0;
		};
		D5C81CF325C00BAB0031DC66 /* Sources */ = {
			isa = PBXSourcesBuildPhase;
			buildActionMask = 2147483647;
			files = (
				D5C81CFC25C00BAB0031DC66 /* HelloCIUITests.swift in Sources */,
			);
			runOnlyForDeploymentPostprocessing = 0;
		};
/* End PBXSourcesBuildPhase section */

/* Begin PBXTargetDependency section */
		D5C81CEE25C00BAB0031DC66 /* PBXTargetDependency */ = {
			isa = PBXTargetDependency;
			target = D5C81CDA25C00BAA0031DC66 /* HelloCI */;
			targetProxy = D5C81CED25C00BAB0031DC66 /* PBXContainerItemProxy */;
		};
		D5C81CF925C00BAB0031DC66 /* PBXTargetDependency */ = {
			isa = PBXTargetDependency;
			target = D5C81CDA25C00BAA0031DC66 /* HelloCI */;
			targetProxy = D5C81CF825C00BAB0031DC66 /* PBXContainerItemProxy */;
		};
/* End PBXTargetDependency section */

/* Begin XCBuildConfiguration section */
		D5C81CFE25C00BAB0031DC66 /* Debug */ = {
			isa = XCBuildConfiguration;
			buildSettings = {
				ALWAYS_SEARCH_USER_PATHS = NO;
				CLANG_ANALYZER_NONNULL = YES;
				CLANG_ANALYZER_NUMBER_OBJECT_CONVERSION = YES_AGGRESSIVE;
				CLANG_CXX_LANGUAGE_STANDARD = "gnu++14";
				CLANG_CXX_LIBRARY = "libc++";
				CLANG_ENABLE_MODULES = YES;
				CLANG_ENABLE_OBJC_ARC = YES;
				CLANG_ENABLE_OBJC_WEAK = YES;
				CLANG_WARN_BLOCK_CAPTURE_AUTORELEASING = YES;
				CLANG_WARN_BOOL_CONVERSION = YES;
				CLANG_WARN_COMMA = YES;
				CLANG_WARN_CONSTANT_CONVERSION = YES;
				CLANG_WARN_DEPRECATED_OBJC_IMPLEMENTATIONS = YES;
				CLANG_WARN_DIRECT_OBJC_ISA_USAGE = YES_ERROR;
				CLANG_WARN_DOCUMENTATION_COMMENTS = YES;
				CLANG_WARN_EMPTY_BODY = YES;
				CLANG_WARN_ENUM_CONVERSION = YES;
				CLANG_WARN_INFINITE_RECURSION = YES;
				CLANG_WARN_INT_CONVERSION = YES;
				CLANG_WARN_NON_LITERAL_NULL_CONVERSION = YES;
				CLANG_WARN_OBJC_IMPLICIT_RETAIN_SELF = YES;
				CLANG_WARN_OBJC_LITERAL_CONVERSION = YES;
				CLANG_WARN_OBJC_ROOT_CLASS = YES_ERROR;
				CLANG_WARN_QUOTED_INCLUDE_IN_FRAMEWORK_HEADER = YES;
				CLANG_WARN_RANGE_LOOP_ANALYSIS = YES;
				CLANG_WARN_STRICT_PROTOTYPES = YES;
				CLANG_WARN_SUSPICIOUS_MOVE = YES;
				CLANG_WARN_UNGUARDED_AVAILABILITY = YES_AGGRESSIVE;
				CLANG_WARN_UNREACHABLE_CODE = YES;
				CLANG_WARN__DUPLICATE_METHOD_MATCH = YES;
				COPY_PHASE_STRIP = NO;
				DEBUG_INFORMATION_FORMAT = dwarf;
				ENABLE_STRICT_OBJC_MSGSEND = YES;
				ENABLE_TESTABILITY = YES;
				GCC_C_LANGUAGE_STANDARD = gnu11;
				GCC_DYNAMIC_NO_PIC = NO;
				GCC_NO_COMMON_BLOCKS = YES;
				GCC_OPTIMIZATION_LEVEL = 0;
				GCC_PREPROCESSOR_DEFINITIONS = (
					"DEBUG=1",
					"$(inherited)",
				);
				GCC_WARN_64_TO_32_BIT_CONVERSION = YES;
				GCC_WARN_ABOUT_RETURN_TYPE = YES_ERROR;
				GCC_WARN_UNDECLARED_SELECTOR = YES;
				GCC_WARN_UNINITIALIZED_AUTOS = YES_AGGRESSIVE;
				GCC_WARN_UNUSED_FUNCTION = YES;
				GCC_WARN_UNUSED_VARIABLE = YES;
				IPHONEOS_DEPLOYMENT_TARGET = 14.3;
				MTL_ENABLE_DEBUG_INFO = INCLUDE_SOURCE;
				MTL_FAST_MATH = YES;
				ONLY_ACTIVE_ARCH = YES;
				SDKROOT = iphoneos;
				SWIFT_ACTIVE_COMPILATION_CONDITIONS = DEBUG;
				SWIFT_OPTIMIZATION_LEVEL = "-Onone";
			};
			name = Debug;
		};
		D5C81CFF25C00BAB0031DC66 /* Release */ = {
			isa = XCBuildConfiguration;
			buildSettings = {
				ALWAYS_SEARCH_USER_PATHS = NO;
				CLANG_ANALYZER_NONNULL = YES;
				CLANG_ANALYZER_NUMBER_OBJECT_CONVERSION = YES_AGGRESSIVE;
				CLANG_CXX_LANGUAGE_STANDARD = "gnu++14";
				CLANG_CXX_LIBRARY = "libc++";
				CLANG_ENABLE_MODULES = YES;
				CLANG_ENABLE_OBJC_ARC = YES;
				CLANG_ENABLE_OBJC_WEAK = YES;
				CLANG_WARN_BLOCK_CAPTURE_AUTORELEASING = YES;
				CLANG_WARN_BOOL_CONVERSION = YES;
				CLANG_WARN_COMMA = YES;
				CLANG_WARN_CONSTANT_CONVERSION = YES;
				CLANG_WARN_DEPRECATED_OBJC_IMPLEMENTATIONS = YES;
				CLANG_WARN_DIRECT_OBJC_ISA_USAGE = YES_ERROR;
				CLANG_WARN_DOCUMENTATION_COMMENTS = YES;
				CLANG_WARN_EMPTY_BODY = YES;
				CLANG_WARN_ENUM_CONVERSION = YES;
				CLANG_WARN_INFINITE_RECURSION = YES;
				CLANG_WARN_INT_CONVERSION = YES;
				CLANG_WARN_NON_LITERAL_NULL_CONVERSION = YES;
				CLANG_WARN_OBJC_IMPLICIT_RETAIN_SELF = YES;
				CLANG_WARN_OBJC_LITERAL_CONVERSION = YES;
				CLANG_WARN_OBJC_ROOT_CLASS = YES_ERROR;
				CLANG_WARN_QUOTED_INCLUDE_IN_FRAMEWORK_HEADER = YES;
				CLANG_WARN_RANGE_LOOP_ANALYSIS = YES;
				CLANG_WARN_STRICT_PROTOTYPES = YES;
				CLANG_WARN_SUSPICIOUS_MOVE = YES;
				CLANG_WARN_UNGUARDED_AVAILABILITY = YES_AGGRESSIVE;
				CLANG_WARN_UNREACHABLE_CODE = YES;
				CLANG_WARN__DUPLICATE_METHOD_MATCH = YES;
				COPY_PHASE_STRIP = NO;
				DEBUG_INFORMATION_FORMAT = "dwarf-with-dsym";
				ENABLE_NS_ASSERTIONS = NO;
				ENABLE_STRICT_OBJC_MSGSEND = YES;
				GCC_C_LANGUAGE_STANDARD = gnu11;
				GCC_NO_COMMON_BLOCKS = YES;
				GCC_WARN_64_TO_32_BIT_CONVERSION = YES;
				GCC_WARN_ABOUT_RETURN_TYPE = YES_ERROR;
				GCC_WARN_UNDECLARED_SELECTOR = YES;
				GCC_WARN_UNINITIALIZED_AUTOS = YES_AGGRESSIVE;
				GCC_WARN_UNUSED_FUNCTION = YES;
				GCC_WARN_UNUSED_VARIABLE = YES;
				IPHONEOS_DEPLOYMENT_TARGET = 14.3;
				MTL_ENABLE_DEBUG_INFO = NO;
				MTL_FAST_MATH = YES;
				SDKROOT = iphoneos;
				SWIFT_COMPILATION_MODE = wholemodule;
				SWIFT_OPTIMIZATION_LEVEL = "-O";
				VALIDATE_PRODUCT = YES;
			};
			name = Release;
		};
		D5C81D0125C00BAB0031DC66 /* Debug */ = {
			isa = XCBuildConfiguration;
			buildSettings = {
				ASSETCATALOG_COMPILER_APPICON_NAME = AppIcon;
				ASSETCATALOG_COMPILER_GLOBAL_ACCENT_COLOR_NAME = AccentColor;
				CODE_SIGN_STYLE = Automatic;
				DEVELOPMENT_ASSET_PATHS = "\"HelloCI/Preview Content\"";
				ENABLE_PREVIEWS = YES;
				INFOPLIST_FILE = HelloCI/Info.plist;
				IPHONEOS_DEPLOYMENT_TARGET = 14.0;
				LD_RUNPATH_SEARCH_PATHS = (
					"$(inherited)",
					"@executable_path/Frameworks",
				);
				PRODUCT_BUNDLE_IDENTIFIER = com.example.HelloCI;
				PRODUCT_NAME = "$(TARGET_NAME)";
				SWIFT_VERSION = 5.0;
				TARGETED_DEVICE_FAMILY = "1,2";
			};
			name = Debug;
		};
		D5C81D0225C00BAB0031DC66 /* Release */ = {
			isa = XCBuildConfiguration;
			buildSettings = {
				ASSETCATALOG_COMPILER_APPICON_NAME = AppIcon;
				ASSETCATALOG_COMPILER_GLOBAL_ACCENT_COLOR_NAME = AccentColor;
				CODE_SIGN_STYLE = Automatic;
				DEVELOPMENT_ASSET_PATHS = "\"HelloCI/Preview Content\"";
				ENABLE_PREVIEWS = YES;
				INFOPLIST_FILE = HelloCI/Info.plist;
				IPHONEOS_DEPLOYMENT_TARGET = 14.0;
				LD_RUNPATH_SEARCH_PATHS = (
					"$(inherited)",
					"@executable_path/Frameworks",
				);
				PRODUCT_BUNDLE_IDENTIFIER = com.example.HelloCI;
				PRODUCT_NAME = "$(TARGET_NAME)";
				SWIFT_VERSION = 5.0;
				TARGETED_DEVICE_FAMILY = "1,2";
			};
			name = Release;
		};
		D5C81D0425C00BAB0031DC66 /* Debug */ = {
			isa = XCBuildConfiguration;
			buildSettings = {
				ALWAYS_EMBED_SWIFT_STANDARD_LIBRARIES = YES;
				BUNDLE_LOADER = "$(TEST_HOST)";
				CODE_SIGN_STYLE = Automatic;
				INFOPLIST_FILE = HelloCITests/Info.plist;
				IPHONEOS_DEPLOYMENT_TARGET = 14.0;
				LD_RUNPATH_SEARCH_PATHS = (
					"$(inherited)",
					"@executable_path/Frameworks",
					"@loader_path/Frameworks",
				);
				PRODUCT_BUNDLE_IDENTIFIER = com.example.HelloCITests;
				PRODUCT_NAME = "$(TARGET_NAME)";
				SWIFT_VERSION = 5.0;
				TARGETED_DEVICE_FAMILY = "1,2";
				TEST_HOST = "$(BUILT_PRODUCTS_DIR)/HelloCI.app/HelloCI";
			};
			name = Debug;
		};
		D5C81D0525C00BAB0031DC66 /* Release */ = {
			isa = XCBuildConfiguration;
			buildSettings = {
				ALWAYS_EMBED_SWIFT_STANDARD_LIBRARIES = YES;
				BUNDLE_LOADER = "$(TEST_HOST)";
				CODE_SIGN_STYLE = Automatic;
				INFOPLIST_FILE = HelloCITests/Info.plist;
				IPHONEOS_DEPLOYMENT_TARGET = 14.0;
				LD_RUNPATH_SEARCH_PATHS = (
					"$(inherited)",
					"@executable_path/Frameworks",
					"@loader_path/Frameworks",
				);
				PRODUCT_BUNDLE_IDENTIFIER = com.example.HelloCITests;
				PRODUCT_NAME = "$(TARGET_NAME)";
				SWIFT_VERSION = 5.0;
				TARGETED_DEVICE_FAMILY = "1,2";
				TEST_HOST = "$(BUILT_PRODUCTS_DIR)/HelloCI.app/HelloCI";
			};
			name = Release;
		};
		D5C81D0725C00BAB0031DC66 /* Debug */ = {
			isa = XCBuildConfiguration;
			buildSettings = {
				ALWAYS_EMBED_SWIFT_STANDARD_LIBRARIES = YES;
				CODE_SIGN_STYLE = Automatic;
				INFOPLIST_FILE = HelloCIUITests/Info.plist;
				LD_RUNPATH_SEARCH_PATHS = (
					"$(inherited)",
					"@executable_path/Frameworks",
					"@loader_path/Frameworks",
				);
				PRODUCT_BUNDLE_IDENTIFIER = com.example.HelloCIUITests;
				PRODUCT_NAME = "$(TARGET_NAME)";
				SWIFT_VERSION = 5.0;
				TARGETED_DEVICE_FAMILY = "1,2";
				TEST_TARGET_NAME = HelloCI;
			};
			name = Debug;
		};
		D5C81D0825C00BAB0031DC66 /* Release */ = {
			isa = XCBuildConfiguration;
			buildSettings = {
				ALWAYS_EMBED_SWIFT_STANDARD_LIBRARIES = YES;
				CODE_SIGN_STYLE = Automatic;
				INFOPLIST_FILE = HelloCIUITests/Info.plist;
				LD_RUNPATH_SEARCH_PATHS = (
					"$(inherited)",
					"@executable_path/Frameworks",
					"@loader_path/Frameworks",
				);
				PRODUCT_BUNDLE_IDENTIFIER = com.example.HelloCIUITests;
				PRODUCT_NAME = "$(TARGET_NAME)";
				SWIFT_VERSION = 5.0;
				TARGETED_DEVICE_FAMILY = "1,2";
				TEST_TARGET_NAME = HelloCI;
			};
			name = Release;
		};
/* End XCBuildConfiguration section */

/* Begin XCConfigurationList section */
		D5C81CD625C00BAA0031DC66 /* Build configuration list for PBXProject "HelloCI" */ = {
			isa = XCConfigurationList;
			buildConfigurations = (
				D5C81CFE25C00BAB0031DC66 /* Debug */,
				D5C81CFF25C00BAB0031DC66 /* Release */,
			);
			defaultConfigurationIsVisible = 0;
			defaultConfigurationName = Release;
		};
		D5C81D0025C00BAB0031DC66 /* Build configuration list for PBXNativeTarget "HelloCI" */ = {
			isa = XCConfigurationList;
			buildConfigurations = (
				D5C81D0125C00BAB0031DC66 /* Debug */,
				D5C81D0225C00BAB0031DC66 /* Release */,
			);
			defaultConfigurationIsVisible = 0;
			defaultConfigurationName = Release;
		};
		D5C81D0325C00BAB0031DC66 /* Build configuration list for PBXNativeTarget "HelloCITests" */ = {
			isa = XCConfigurationList;
			buildConfigurations = (
				D5C81D0425C00BAB0031DC66 /* Debug */,
				D5C81D0525C00BAB0031DC66 /* Release */,
			);
			defaultConfigurationIsVisible = 0;
			defaultConfigurationName = Release;
		};
		D5C81D0625C00BAB0031DC66 /* Build configuration list for PBXNativeTarget "HelloCIUITests" */ = {
			isa = XCConfigurationList;
			buildConfigurations = (
				D5C81D0725C00BAB0031DC66 /* Debug */,
				D5C81D0825C00BAB0031DC66 /* Release */,
			);
			defaultConfigurationIsVisible = 0;
			defaultConfigurationName = Release;
		};
/* End XCConfigurationList section */
	};
	rootObject = D5C81CD325C00BAA0031DC66 /* Project object */;
}
